lockfileVersion: '9.0'

settings:
  autoInstallPeers: true
  excludeLinksFromLockfile: false

importers:

  .:
    dependencies:
      papaparse:
        specifier: ^5.5.3
        version: 5.5.3

packages:

  papaparse@5.5.3:
    resolution: {integrity: sha512-5QvjGxYVjxO59MGU2lHVYpRWBBtKHnlIAcSe1uNFCkkptUh63NFRj0FJQm7nR67puEruUci/ZkjmEFrjCAyP4A==}

snapshots:

  papaparse@5.5.3: {}
